
Microsoft Visual Studio Solution File, Format Version 12.00
# Visual Studio Version 17
VisualStudioVersion = 17.3.32825.248
MinimumVisualStudioVersion = 10.0.40219.1
Project("{9A19103F-16F7-4668-BE54-9A1E7A4F7556}") = "2-criandoVariaveis", "2-criandoVariaveis\2-criandoVariaveis.csproj", "{05B54548-083C-402C-BA39-22843F2D1A96}"
EndProject
Project("{2150E333-8FDC-42A3-9474-1A3956D46DE8}") = "Solution Items", "Solution Items", "{BF80C647-B08C-4E56-9B42-328F508FA1AA}"
EndProject
Global
	GlobalSection(SolutionConfigurationPlatforms) = preSolution
		Debug|Any CPU = Debug|Any CPU
		Release|Any CPU = Release|Any CPU
	EndGlobalSection
	GlobalSection(ProjectConfigurationPlatforms) = postSolution
		{05B54548-083C-402C-BA39-22843F2D1A96}.Debug|Any CPU.ActiveCfg = Debug|Any CPU
		{05B54548-083C-402C-BA39-22843F2D1A96}.Debug|Any CPU.Build.0 = Debug|Any CPU
		{05B54548-083C-402C-BA39-22843F2D1A96}.Release|Any CPU.ActiveCfg = Release|Any CPU
		{05B54548-083C-402C-BA39-22843F2D1A96}.Release|Any CPU.Build.0 = Release|Any CPU
	EndGlobalSection
	GlobalSection(SolutionProperties) = preSolution
		HideSolutionNode = FALSE
	EndGlobalSection
	GlobalSection(ExtensibilityGlobals) = postSolution
		SolutionGuid = {0F53D785-E3C9-4C7A-A603-142F4F612E83}
	EndGlobalSection
EndGlobal
